// !$*UTF8*$!
{
	archiveVersion = 1;
	classes = {
	};
	objectVersion = 50;
	objects = {

/* Begin PBXBuildFile section */
		D0EAE7F72016115F36FAD206 /* Pods_AutoCarWash.framework in Frameworks */ = {isa = PBXBuildFile; fileRef = 565E74188CF5D2681E76C3D3 /* Pods_AutoCarWash.framework */; };
		D600772522EF221F00B7CD50 /* AppDelegate.swift in Sources */ = {isa = PBXBuildFile; fileRef = D600772422EF221F00B7CD50 /* AppDelegate.swift */; };
		D600772C22EF222100B7CD50 /* Assets.xcassets in Resources */ = {isa = PBXBuildFile; fileRef = D600772B22EF222100B7CD50 /* Assets.xcassets */; };
		D600772F22EF222100B7CD50 /* LaunchScreen.storyboard in Resources */ = {isa = PBXBuildFile; fileRef = D600772D22EF222100B7CD50 /* LaunchScreen.storyboard */; };
		D600773F22F1A1F900B7CD50 /* User.swift in Sources */ = {isa = PBXBuildFile; fileRef = D600773E22F1A1F900B7CD50 /* User.swift */; };
		D600774122F1A3D800B7CD50 /* Car.swift in Sources */ = {isa = PBXBuildFile; fileRef = D600774022F1A3D800B7CD50 /* Car.swift */; };
		D600774322F1A95D00B7CD50 /* Message.swift in Sources */ = {isa = PBXBuildFile; fileRef = D600774222F1A95D00B7CD50 /* Message.swift */; };
		D600774522F42A9200B7CD50 /* RegistrationVewController.swift in Sources */ = {isa = PBXBuildFile; fileRef = D600774422F42A9200B7CD50 /* RegistrationVewController.swift */; };
		D600774722F42C0100B7CD50 /* ProfileViewController.swift in Sources */ = {isa = PBXBuildFile; fileRef = D600774622F42C0100B7CD50 /* ProfileViewController.swift */; };
		D600774922F42C3100B7CD50 /* LoginViewController.swift in Sources */ = {isa = PBXBuildFile; fileRef = D600774822F42C3100B7CD50 /* LoginViewController.swift */; };
		D603457022F8053A001AAB2F /* Service.swift in Sources */ = {isa = PBXBuildFile; fileRef = D603456F22F8053A001AAB2F /* Service.swift */; };
		D642D69422F94D96005D4F4D /* ProfileView.swift in Sources */ = {isa = PBXBuildFile; fileRef = D642D69322F94D96005D4F4D /* ProfileView.swift */; };
		D642D69622F988BD005D4F4D /* CarWashViewController.swift in Sources */ = {isa = PBXBuildFile; fileRef = D642D69522F988BD005D4F4D /* CarWashViewController.swift */; };
		D695C20C22FA895200D81A23 /* EditCarProfileViewController.swift in Sources */ = {isa = PBXBuildFile; fileRef = D695C20B22FA895200D81A23 /* EditCarProfileViewController.swift */; };
		D695C20E22FAB38C00D81A23 /* UITextFieldExtension.swift in Sources */ = {isa = PBXBuildFile; fileRef = D695C20D22FAB38C00D81A23 /* UITextFieldExtension.swift */; };
		D695C21022FACFBA00D81A23 /* EditUserProfileViewController.swift in Sources */ = {isa = PBXBuildFile; fileRef = D695C20F22FACFBA00D81A23 /* EditUserProfileViewController.swift */; };
		FAAD128322F363E400A764AC /* Main.storyboard in Resources */ = {isa = PBXBuildFile; fileRef = FAAD128222F363E400A764AC /* Main.storyboard */; };
/* End PBXBuildFile section */

/* Begin PBXFileReference section */
		565E74188CF5D2681E76C3D3 /* Pods_AutoCarWash.framework */ = {isa = PBXFileReference; explicitFileType = wrapper.framework; includeInIndex = 0; path = Pods_AutoCarWash.framework; sourceTree = BUILT_PRODUCTS_DIR; };
		6EDC3634198E87B99DFF9566 /* Pods-AutoCarWash.debug.xcconfig */ = {isa = PBXFileReference; includeInIndex = 1; lastKnownFileType = text.xcconfig; name = "Pods-AutoCarWash.debug.xcconfig"; path = "Target Support Files/Pods-AutoCarWash/Pods-AutoCarWash.debug.xcconfig"; sourceTree = "<group>"; };
		A720BBDD1740DC80DD8C1668 /* Pods-AutoCarWash.release.xcconfig */ = {isa = PBXFileReference; includeInIndex = 1; lastKnownFileType = text.xcconfig; name = "Pods-AutoCarWash.release.xcconfig"; path = "Target Support Files/Pods-AutoCarWash/Pods-AutoCarWash.release.xcconfig"; sourceTree = "<group>"; };
		D600772122EF221E00B7CD50 /* AutoCarWash.app */ = {isa = PBXFileReference; explicitFileType = wrapper.application; includeInIndex = 0; path = AutoCarWash.app; sourceTree = BUILT_PRODUCTS_DIR; };
		D600772422EF221F00B7CD50 /* AppDelegate.swift */ = {isa = PBXFileReference; lastKnownFileType = sourcecode.swift; path = AppDelegate.swift; sourceTree = "<group>"; };
		D600772B22EF222100B7CD50 /* Assets.xcassets */ = {isa = PBXFileReference; lastKnownFileType = folder.assetcatalog; path = Assets.xcassets; sourceTree = "<group>"; };
		D600772E22EF222100B7CD50 /* Base */ = {isa = PBXFileReference; lastKnownFileType = file.storyboard; name = Base; path = Base.lproj/LaunchScreen.storyboard; sourceTree = "<group>"; };
		D600773022EF222100B7CD50 /* Info.plist */ = {isa = PBXFileReference; lastKnownFileType = text.plist.xml; path = Info.plist; sourceTree = "<group>"; };
		D600773622F139A600B7CD50 /* AutoCarWash.entitlements */ = {isa = PBXFileReference; lastKnownFileType = text.plist.entitlements; path = AutoCarWash.entitlements; sourceTree = "<group>"; };
		D600773E22F1A1F900B7CD50 /* User.swift */ = {isa = PBXFileReference; lastKnownFileType = sourcecode.swift; path = User.swift; sourceTree = "<group>"; };
		D600774022F1A3D800B7CD50 /* Car.swift */ = {isa = PBXFileReference; lastKnownFileType = sourcecode.swift; path = Car.swift; sourceTree = "<group>"; };
		D600774222F1A95D00B7CD50 /* Message.swift */ = {isa = PBXFileReference; lastKnownFileType = sourcecode.swift; path = Message.swift; sourceTree = "<group>"; };
		D600774422F42A9200B7CD50 /* RegistrationVewController.swift */ = {isa = PBXFileReference; lastKnownFileType = sourcecode.swift; path = RegistrationVewController.swift; sourceTree = "<group>"; };
		D600774622F42C0100B7CD50 /* ProfileViewController.swift */ = {isa = PBXFileReference; lastKnownFileType = sourcecode.swift; name = ProfileViewController.swift; path = ../ProfileViewController.swift; sourceTree = "<group>"; };
		D600774822F42C3100B7CD50 /* LoginViewController.swift */ = {isa = PBXFileReference; lastKnownFileType = sourcecode.swift; path = LoginViewController.swift; sourceTree = "<group>"; };
		D603456F22F8053A001AAB2F /* Service.swift */ = {isa = PBXFileReference; lastKnownFileType = sourcecode.swift; path = Service.swift; sourceTree = "<group>"; };
		D642D69322F94D96005D4F4D /* ProfileView.swift */ = {isa = PBXFileReference; lastKnownFileType = sourcecode.swift; path = ProfileView.swift; sourceTree = "<group>"; };
		D642D69522F988BD005D4F4D /* CarWashViewController.swift */ = {isa = PBXFileReference; lastKnownFileType = sourcecode.swift; path = CarWashViewController.swift; sourceTree = "<group>"; };
		D695C20B22FA895200D81A23 /* EditCarProfileViewController.swift */ = {isa = PBXFileReference; lastKnownFileType = sourcecode.swift; path = EditCarProfileViewController.swift; sourceTree = "<group>"; };
		D695C20D22FAB38C00D81A23 /* UITextFieldExtension.swift */ = {isa = PBXFileReference; lastKnownFileType = sourcecode.swift; path = UITextFieldExtension.swift; sourceTree = "<group>"; };
		D695C20F22FACFBA00D81A23 /* EditUserProfileViewController.swift */ = {isa = PBXFileReference; lastKnownFileType = sourcecode.swift; path = EditUserProfileViewController.swift; sourceTree = "<group>"; };
		FAAD128222F363E400A764AC /* Main.storyboard */ = {isa = PBXFileReference; fileEncoding = 4; lastKnownFileType = file.storyboard; path = Main.storyboard; sourceTree = "<group>"; };
/* End PBXFileReference section */

/* Begin PBXFrameworksBuildPhase section */
		D600771E22EF221E00B7CD50 /* Frameworks */ = {
			isa = PBXFrameworksBuildPhase;
			buildActionMask = 2147483647;
			files = (
				D0EAE7F72016115F36FAD206 /* Pods_AutoCarWash.framework in Frameworks */,
			);
			runOnlyForDeploymentPostprocessing = 0;
		};
/* End PBXFrameworksBuildPhase section */

/* Begin PBXGroup section */
		7D42CECFB4B712D024FCC3A6 /* Frameworks */ = {
			isa = PBXGroup;
			children = (
				565E74188CF5D2681E76C3D3 /* Pods_AutoCarWash.framework */,
			);
			name = Frameworks;
			sourceTree = "<group>";
		};
		D600771822EF221E00B7CD50 = {
			isa = PBXGroup;
			children = (
				D600772322EF221E00B7CD50 /* AutoCarWash */,
				D600772222EF221E00B7CD50 /* Products */,
				F9DFDA282A3DB1E138B478C2 /* Pods */,
				7D42CECFB4B712D024FCC3A6 /* Frameworks */,
			);
			sourceTree = "<group>";
		};
		D600772222EF221E00B7CD50 /* Products */ = {
			isa = PBXGroup;
			children = (
				D600772122EF221E00B7CD50 /* AutoCarWash.app */,
			);
			name = Products;
			sourceTree = "<group>";
		};
		D600772322EF221E00B7CD50 /* AutoCarWash */ = {
			isa = PBXGroup;
			children = (
				D600773022EF222100B7CD50 /* Info.plist */,
				D600773622F139A600B7CD50 /* AutoCarWash.entitlements */,
				D600772422EF221F00B7CD50 /* AppDelegate.swift */,
				D600772B22EF222100B7CD50 /* Assets.xcassets */,
				FAAD128222F363E400A764AC /* Main.storyboard */,
				D600772D22EF222100B7CD50 /* LaunchScreen.storyboard */,
				D603457122F806B7001AAB2F /* ViewControllers */,
				D600773D22F1A1BD00B7CD50 /* Objects */,
				D642D69222F94BEE005D4F4D /* Helpers */,
			);
			path = AutoCarWash;
			sourceTree = "<group>";
		};
		D600773D22F1A1BD00B7CD50 /* Objects */ = {
			isa = PBXGroup;
			children = (
				D600773E22F1A1F900B7CD50 /* User.swift */,
				D600774022F1A3D800B7CD50 /* Car.swift */,
				D600774222F1A95D00B7CD50 /* Message.swift */,
			);
			path = Objects;
			sourceTree = "<group>";
		};
		D603457122F806B7001AAB2F /* ViewControllers */ = {
			isa = PBXGroup;
			children = (
				D600774822F42C3100B7CD50 /* LoginViewController.swift */,
				D600774422F42A9200B7CD50 /* RegistrationVewController.swift */,
				D642D69522F988BD005D4F4D /* CarWashViewController.swift */,
				D600774622F42C0100B7CD50 /* ProfileViewController.swift */,
				D695C20B22FA895200D81A23 /* EditCarProfileViewController.swift */,
				D695C20F22FACFBA00D81A23 /* EditUserProfileViewController.swift */,
			);
			path = ViewControllers;
			sourceTree = "<group>";
		};
		D642D69222F94BEE005D4F4D /* Helpers */ = {
			isa = PBXGroup;
			children = (
				D603456F22F8053A001AAB2F /* Service.swift */,
				D642D69322F94D96005D4F4D /* ProfileView.swift */,
				D695C20D22FAB38C00D81A23 /* UITextFieldExtension.swift */,
			);
			path = Helpers;
			sourceTree = "<group>";
		};
		F9DFDA282A3DB1E138B478C2 /* Pods */ = {
			isa = PBXGroup;
			children = (
				6EDC3634198E87B99DFF9566 /* Pods-AutoCarWash.debug.xcconfig */,
				A720BBDD1740DC80DD8C1668 /* Pods-AutoCarWash.release.xcconfig */,
			);
			path = Pods;
			sourceTree = "<group>";
		};
/* End PBXGroup section */

/* Begin PBXNativeTarget section */
		D600772022EF221E00B7CD50 /* AutoCarWash */ = {
			isa = PBXNativeTarget;
			buildConfigurationList = D600773322EF222100B7CD50 /* Build configuration list for PBXNativeTarget "AutoCarWash" */;
			buildPhases = (
				AE69FB4C961808F0F2ECBE8B /* [CP] Check Pods Manifest.lock */,
				D600771D22EF221E00B7CD50 /* Sources */,
				D600771E22EF221E00B7CD50 /* Frameworks */,
				D600771F22EF221E00B7CD50 /* Resources */,
				B970A0E4E6B4FC61171EA2D8 /* [CP] Embed Pods Frameworks */,
			);
			buildRules = (
			);
			dependencies = (
			);
			name = AutoCarWash;
			productName = AutoCarWash;
			productReference = D600772122EF221E00B7CD50 /* AutoCarWash.app */;
			productType = "com.apple.product-type.application";
		};
/* End PBXNativeTarget section */

/* Begin PBXProject section */
		D600771922EF221E00B7CD50 /* Project object */ = {
			isa = PBXProject;
			attributes = {
				LastSwiftUpdateCheck = 1030;
				LastUpgradeCheck = 1030;
				ORGANIZATIONNAME = Home;
				TargetAttributes = {
					D600772022EF221E00B7CD50 = {
						CreatedOnToolsVersion = 10.3;
						SystemCapabilities = {
							com.apple.ApplePay = {
								enabled = 0;
							};
							com.apple.Maps.iOS = {
								enabled = 0;
							};
							com.apple.Wallet = {
								enabled = 0;
							};
						};
					};
				};
			};
			buildConfigurationList = D600771C22EF221E00B7CD50 /* Build configuration list for PBXProject "AutoCarWash" */;
			compatibilityVersion = "Xcode 9.3";
			developmentRegion = en;
			hasScannedForEncodings = 0;
			knownRegions = (
				en,
				Base,
			);
			mainGroup = D600771822EF221E00B7CD50;
			productRefGroup = D600772222EF221E00B7CD50 /* Products */;
			projectDirPath = "";
			projectRoot = "";
			targets = (
				D600772022EF221E00B7CD50 /* AutoCarWash */,
			);
		};
/* End PBXProject section */

/* Begin PBXResourcesBuildPhase section */
		D600771F22EF221E00B7CD50 /* Resources */ = {
			isa = PBXResourcesBuildPhase;
			buildActionMask = 2147483647;
			files = (
				FAAD128322F363E400A764AC /* Main.storyboard in Resources */,
				D600772F22EF222100B7CD50 /* LaunchScreen.storyboard in Resources */,
				D600772C22EF222100B7CD50 /* Assets.xcassets in Resources */,
			);
			runOnlyForDeploymentPostprocessing = 0;
		};
/* End PBXResourcesBuildPhase section */

/* Begin PBXShellScriptBuildPhase section */
		AE69FB4C961808F0F2ECBE8B /* [CP] Check Pods Manifest.lock */ = {
			isa = PBXShellScriptBuildPhase;
			buildActionMask = 2147483647;
			files = (
			);
			inputFileListPaths = (
			);
			inputPaths = (
				"${PODS_PODFILE_DIR_PATH}/Podfile.lock",
				"${PODS_ROOT}/Manifest.lock",
			);
			name = "[CP] Check Pods Manifest.lock";
			outputFileListPaths = (
			);
			outputPaths = (
				"$(DERIVED_FILE_DIR)/Pods-AutoCarWash-checkManifestLockResult.txt",
			);
			runOnlyForDeploymentPostprocessing = 0;
			shellPath = /bin/sh;
			shellScript = "diff \"${PODS_PODFILE_DIR_PATH}/Podfile.lock\" \"${PODS_ROOT}/Manifest.lock\" > /dev/null\nif [ $? != 0 ] ; then\n    # print error to STDERR\n    echo \"error: The sandbox is not in sync with the Podfile.lock. Run 'pod install' or update your CocoaPods installation.\" >&2\n    exit 1\nfi\n# This output is used by Xcode 'outputs' to avoid re-running this script phase.\necho \"SUCCESS\" > \"${SCRIPT_OUTPUT_FILE_0}\"\n";
			showEnvVarsInLog = 0;
		};
		B970A0E4E6B4FC61171EA2D8 /* [CP] Embed Pods Frameworks */ = {
			isa = PBXShellScriptBuildPhase;
			buildActionMask = 2147483647;
			files = (
			);
			inputFileListPaths = (
			);
			inputPaths = (
				"${PODS_ROOT}/Target Support Files/Pods-AutoCarWash/Pods-AutoCarWash-frameworks.sh",
				"${BUILT_PRODUCTS_DIR}/Alamofire/Alamofire.framework",
				"${BUILT_PRODUCTS_DIR}/AlamofireObjectMapper/AlamofireObjectMapper.framework",
				"${BUILT_PRODUCTS_DIR}/IQKeyboardManagerSwift/IQKeyboardManagerSwift.framework",
				"${BUILT_PRODUCTS_DIR}/ObjectMapper/ObjectMapper.framework",
				"${BUILT_PRODUCTS_DIR}/Realm/Realm.framework",
				"${BUILT_PRODUCTS_DIR}/RealmSwift/RealmSwift.framework",
			);
			name = "[CP] Embed Pods Frameworks";
			outputFileListPaths = (
			);
			outputPaths = (
				"${TARGET_BUILD_DIR}/${FRAMEWORKS_FOLDER_PATH}/Alamofire.framework",
				"${TARGET_BUILD_DIR}/${FRAMEWORKS_FOLDER_PATH}/AlamofireObjectMapper.framework",
				"${TARGET_BUILD_DIR}/${FRAMEWORKS_FOLDER_PATH}/IQKeyboardManagerSwift.framework",
				"${TARGET_BUILD_DIR}/${FRAMEWORKS_FOLDER_PATH}/ObjectMapper.framework",
				"${TARGET_BUILD_DIR}/${FRAMEWORKS_FOLDER_PATH}/Realm.framework",
				"${TARGET_BUILD_DIR}/${FRAMEWORKS_FOLDER_PATH}/RealmSwift.framework",
			);
			runOnlyForDeploymentPostprocessing = 0;
			shellPath = /bin/sh;
			shellScript = "\"${PODS_ROOT}/Target Support Files/Pods-AutoCarWash/Pods-AutoCarWash-frameworks.sh\"\n";
			showEnvVarsInLog = 0;
		};
/* End PBXShellScriptBuildPhase section */

/* Begin PBXSourcesBuildPhase section */
		D600771D22EF221E00B7CD50 /* Sources */ = {
			isa = PBXSourcesBuildPhase;
			buildActionMask = 2147483647;
			files = (
				D600774922F42C3100B7CD50 /* LoginViewController.swift in Sources */,
				D695C20E22FAB38C00D81A23 /* UITextFieldExtension.swift in Sources */,
				D642D69422F94D96005D4F4D /* ProfileView.swift in Sources */,
				D603457022F8053A001AAB2F /* Service.swift in Sources */,
				D600774722F42C0100B7CD50 /* ProfileViewController.swift in Sources */,
				D600774522F42A9200B7CD50 /* RegistrationVewController.swift in Sources */,
				D600773F22F1A1F900B7CD50 /* User.swift in Sources */,
				D695C20C22FA895200D81A23 /* EditCarProfileViewController.swift in Sources */,
				D600774322F1A95D00B7CD50 /* Message.swift in Sources */,
				D600774122F1A3D800B7CD50 /* Car.swift in Sources */,
				D642D69622F988BD005D4F4D /* CarWashViewController.swift in Sources */,
				D695C21022FACFBA00D81A23 /* EditUserProfileViewController.swift in Sources */,
				D600772522EF221F00B7CD50 /* AppDelegate.swift in Sources */,
			);
			runOnlyForDeploymentPostprocessing = 0;
		};
/* End PBXSourcesBuildPhase section */

/* Begin PBXVariantGroup section */
		D600772D22EF222100B7CD50 /* LaunchScreen.storyboard */ = {
			isa = PBXVariantGroup;
			children = (
				D600772E22EF222100B7CD50 /* Base */,
			);
			name = LaunchScreen.storyboard;
			sourceTree = "<group>";
		};
/* End PBXVariantGroup section */

/* Begin XCBuildConfiguration section */
		D600773122EF222100B7CD50 /* Debug */ = {
			isa = XCBuildConfiguration;
			buildSettings = {
				ALWAYS_SEARCH_USER_PATHS = NO;
				CLANG_ANALYZER_NONNULL = YES;
				CLANG_ANALYZER_NUMBER_OBJECT_CONVERSION = YES_AGGRESSIVE;
				CLANG_CXX_LANGUAGE_STANDARD = "gnu++14";
				CLANG_CXX_LIBRARY = "libc++";
				CLANG_ENABLE_MODULES = YES;
				CLANG_ENABLE_OBJC_ARC = YES;
				CLANG_ENABLE_OBJC_WEAK = YES;
				CLANG_WARN_BLOCK_CAPTURE_AUTORELEASING = YES;
				CLANG_WARN_BOOL_CONVERSION = YES;
				CLANG_WARN_COMMA = YES;
				CLANG_WARN_CONSTANT_CONVERSION = YES;
				CLANG_WARN_DEPRECATED_OBJC_IMPLEMENTATIONS = YES;
				CLANG_WARN_DIRECT_OBJC_ISA_USAGE = YES_ERROR;
				CLANG_WARN_DOCUMENTATION_COMMENTS = YES;
				CLANG_WARN_EMPTY_BODY = YES;
				CLANG_WARN_ENUM_CONVERSION = YES;
				CLANG_WARN_INFINITE_RECURSION = YES;
				CLANG_WARN_INT_CONVERSION = YES;
				CLANG_WARN_NON_LITERAL_NULL_CONVERSION = YES;
				CLANG_WARN_OBJC_IMPLICIT_RETAIN_SELF = YES;
				CLANG_WARN_OBJC_LITERAL_CONVERSION = YES;
				CLANG_WARN_OBJC_ROOT_CLASS = YES_ERROR;
				CLANG_WARN_RANGE_LOOP_ANALYSIS = YES;
				CLANG_WARN_STRICT_PROTOTYPES = YES;
				CLANG_WARN_SUSPICIOUS_MOVE = YES;
				CLANG_WARN_UNGUARDED_AVAILABILITY = YES_AGGRESSIVE;
				CLANG_WARN_UNREACHABLE_CODE = YES;
				CLANG_WARN__DUPLICATE_METHOD_MATCH = YES;
				CODE_SIGN_IDENTITY = "iPhone Developer";
				COPY_PHASE_STRIP = NO;
				DEBUG_INFORMATION_FORMAT = dwarf;
				ENABLE_STRICT_OBJC_MSGSEND = YES;
				ENABLE_TESTABILITY = YES;
				GCC_C_LANGUAGE_STANDARD = gnu11;
				GCC_DYNAMIC_NO_PIC = NO;
				GCC_NO_COMMON_BLOCKS = YES;
				GCC_OPTIMIZATION_LEVEL = 0;
				GCC_PREPROCESSOR_DEFINITIONS = (
					"DEBUG=1",
					"$(inherited)",
				);
				GCC_WARN_64_TO_32_BIT_CONVERSION = YES;
				GCC_WARN_ABOUT_RETURN_TYPE = YES_ERROR;
				GCC_WARN_UNDECLARED_SELECTOR = YES;
				GCC_WARN_UNINITIALIZED_AUTOS = YES_AGGRESSIVE;
				GCC_WARN_UNUSED_FUNCTION = YES;
				GCC_WARN_UNUSED_VARIABLE = YES;
				IPHONEOS_DEPLOYMENT_TARGET = 12.0;
				MTL_ENABLE_DEBUG_INFO = INCLUDE_SOURCE;
				MTL_FAST_MATH = YES;
				ONLY_ACTIVE_ARCH = YES;
				SDKROOT = iphoneos;
				SWIFT_ACTIVE_COMPILATION_CONDITIONS = DEBUG;
				SWIFT_OPTIMIZATION_LEVEL = "-Onone";
			};
			name = Debug;
		};
		D600773222EF222100B7CD50 /* Release */ = {
			isa = XCBuildConfiguration;
			buildSettings = {
				ALWAYS_SEARCH_USER_PATHS = NO;
				CLANG_ANALYZER_NONNULL = YES;
				CLANG_ANALYZER_NUMBER_OBJECT_CONVERSION = YES_AGGRESSIVE;
				CLANG_CXX_LANGUAGE_STANDARD = "gnu++14";
				CLANG_CXX_LIBRARY = "libc++";
				CLANG_ENABLE_MODULES = YES;
				CLANG_ENABLE_OBJC_ARC = YES;
				CLANG_ENABLE_OBJC_WEAK = YES;
				CLANG_WARN_BLOCK_CAPTURE_AUTORELEASING = YES;
				CLANG_WARN_BOOL_CONVERSION = YES;
				CLANG_WARN_COMMA = YES;
				CLANG_WARN_CONSTANT_CONVERSION = YES;
				CLANG_WARN_DEPRECATED_OBJC_IMPLEMENTATIONS = YES;
				CLANG_WARN_DIRECT_OBJC_ISA_USAGE = YES_ERROR;
				CLANG_WARN_DOCUMENTATION_COMMENTS = YES;
				CLANG_WARN_EMPTY_BODY = YES;
				CLANG_WARN_ENUM_CONVERSION = YES;
				CLANG_WARN_INFINITE_RECURSION = YES;
				CLANG_WARN_INT_CONVERSION = YES;
				CLANG_WARN_NON_LITERAL_NULL_CONVERSION = YES;
				CLANG_WARN_OBJC_IMPLICIT_RETAIN_SELF = YES;
				CLANG_WARN_OBJC_LITERAL_CONVERSION = YES;
				CLANG_WARN_OBJC_ROOT_CLASS = YES_ERROR;
				CLANG_WARN_RANGE_LOOP_ANALYSIS = YES;
				CLANG_WARN_STRICT_PROTOTYPES = YES;
				CLANG_WARN_SUSPICIOUS_MOVE = YES;
				CLANG_WARN_UNGUARDED_AVAILABILITY = YES_AGGRESSIVE;
				CLANG_WARN_UNREACHABLE_CODE = YES;
				CLANG_WARN__DUPLICATE_METHOD_MATCH = YES;
				CODE_SIGN_IDENTITY = "iPhone Developer";
				COPY_PHASE_STRIP = NO;
				DEBUG_INFORMATION_FORMAT = "dwarf-with-dsym";
				ENABLE_NS_ASSERTIONS = NO;
				ENABLE_STRICT_OBJC_MSGSEND = YES;
				GCC_C_LANGUAGE_STANDARD = gnu11;
				GCC_NO_COMMON_BLOCKS = YES;
				GCC_WARN_64_TO_32_BIT_CONVERSION = YES;
				GCC_WARN_ABOUT_RETURN_TYPE = YES_ERROR;
				GCC_WARN_UNDECLARED_SELECTOR = YES;
				GCC_WARN_UNINITIALIZED_AUTOS = YES_AGGRESSIVE;
				GCC_WARN_UNUSED_FUNCTION = YES;
				GCC_WARN_UNUSED_VARIABLE = YES;
				IPHONEOS_DEPLOYMENT_TARGET = 12.0;
				MTL_ENABLE_DEBUG_INFO = NO;
				MTL_FAST_MATH = YES;
				SDKROOT = iphoneos;
				SWIFT_COMPILATION_MODE = wholemodule;
				SWIFT_OPTIMIZATION_LEVEL = "-O";
				VALIDATE_PRODUCT = YES;
			};
			name = Release;
		};
		D600773422EF222100B7CD50 /* Debug */ = {
			isa = XCBuildConfiguration;
			baseConfigurationReference = 6EDC3634198E87B99DFF9566 /* Pods-AutoCarWash.debug.xcconfig */;
			buildSettings = {
				ASSETCATALOG_COMPILER_APPICON_NAME = AppIcon;
				CODE_SIGN_IDENTITY = "iPhone Developer";
				CODE_SIGN_STYLE = Automatic;
				DEVELOPMENT_TEAM = AUS3728B4K;
				INFOPLIST_FILE = AutoCarWash/Info.plist;
				IPHONEOS_DEPLOYMENT_TARGET = 12.0;
				LD_RUNPATH_SEARCH_PATHS = (
					"$(inherited)",
					"@executable_path/Frameworks",
				);
				PRODUCT_BUNDLE_IDENTIFIER = "Geek-Brains.AutoCarWash";
				PRODUCT_NAME = "$(TARGET_NAME)";
				PROVISIONING_PROFILE_SPECIFIER = "";
				SWIFT_VERSION = 5.0;
				TARGETED_DEVICE_FAMILY = 1;
			};
			name = Debug;
		};
		D600773522EF222100B7CD50 /* Release */ = {
			isa = XCBuildConfiguration;
			baseConfigurationReference = A720BBDD1740DC80DD8C1668 /* Pods-AutoCarWash.release.xcconfig */;
			buildSettings = {
				ASSETCATALOG_COMPILER_APPICON_NAME = AppIcon;
				CODE_SIGN_IDENTITY = "iPhone Developer";
				CODE_SIGN_STYLE = Automatic;
				DEVELOPMENT_TEAM = AUS3728B4K;
				INFOPLIST_FILE = AutoCarWash/Info.plist;
				IPHONEOS_DEPLOYMENT_TARGET = 12.0;
				LD_RUNPATH_SEARCH_PATHS = (
					"$(inherited)",
					"@executable_path/Frameworks",
				);
				PRODUCT_BUNDLE_IDENTIFIER = "Geek-Brains.AutoCarWash";
				PRODUCT_NAME = "$(TARGET_NAME)";
				PROVISIONING_PROFILE_SPECIFIER = "";
				SWIFT_VERSION = 5.0;
				TARGETED_DEVICE_FAMILY = 1;
			};
			name = Release;
		};
/* End XCBuildConfiguration section */

/* Begin XCConfigurationList section */
		D600771C22EF221E00B7CD50 /* Build configuration list for PBXProject "AutoCarWash" */ = {
			isa = XCConfigurationList;
			buildConfigurations = (
				D600773122EF222100B7CD50 /* Debug */,
				D600773222EF222100B7CD50 /* Release */,
			);
			defaultConfigurationIsVisible = 0;
			defaultConfigurationName = Release;
		};
		D600773322EF222100B7CD50 /* Build configuration list for PBXNativeTarget "AutoCarWash" */ = {
			isa = XCConfigurationList;
			buildConfigurations = (
				D600773422EF222100B7CD50 /* Debug */,
				D600773522EF222100B7CD50 /* Release */,
			);
			defaultConfigurationIsVisible = 0;
			defaultConfigurationName = Release;
		};
/* End XCConfigurationList section */
	};
	rootObject = D600771922EF221E00B7CD50 /* Project object */;
}
