PODS:
  - Alamofire (4.9.0)
  - AlamofireObjectMapper (5.2.1):
    - Alamofire (~> 4.7)
    - ObjectMapper (~> 3.4)
  - IQKeyboardManagerSwift (6.4.2)
  - ObjectMapper (3.5.1)
  - Realm (3.18.0):
    - Realm/Headers (= 3.18.0)
  - Realm/Headers (3.18.0)
  - RealmSwift (3.18.0):
    - Realm (= 3.18.0)

DEPENDENCIES:
  - Alamofire
  - AlamofireObjectMapper (~> 5.2)
  - IQKeyboardManagerSwift
  - RealmSwift (~> 3.18.0)

SPEC REPOS:
  https://github.com/cocoapods/specs.git:
    - Alamofire
    - AlamofireObjectMapper
    - IQKeyboardManagerSwift
    - ObjectMapper
    - Realm
    - RealmSwift

SPEC CHECKSUMS:
  Alamofire: afc3e7c6db61476cb45cdd23fed06bad03bbc321
  AlamofireObjectMapper: 1989f690e982b71921b9253f53a4f33a9bc00d88
  IQKeyboardManagerSwift: 79a3ec200dfb41cb66a89b8575417b5378107c5d
  ObjectMapper: 70187b8941977c62ccfb423caf6b50be405cabf0
  Realm: 7b3d04740facf45e958a514b466a32b04f1113d6
  RealmSwift: c817b5f374668cf08f649afb05f55d92a787649c

PODFILE CHECKSUM: 0f1a3f05c950c3d1fdbaa3b343a6bae1605a9604

COCOAPODS: 1.6.1
